
Microsoft Visual Studio Solution File, Format Version 12.00
# Visual Studio 2012
Project("{8BC9CEB8-8B4A-11D0-8D11-00A0C91BC942}") = "Disjoint_Set", "Disjoint_Set\Disjoint_Set.vcxproj", "{C43FFA7A-2C15-402F-9B86-993A8D91930B}"
EndProject
Global
	GlobalSection(SolutionConfigurationPlatforms) = preSolution
		Debug|Win32 = Debug|Win32
		Release|Win32 = Release|Win32
	EndGlobalSection
	GlobalSection(ProjectConfigurationPlatforms) = postSolution
		{C43FFA7A-2C15-402F-9B86-993A8D91930B}.Debug|Win32.ActiveCfg = Debug|Win32
		{C43FFA7A-2C15-402F-9B86-993A8D91930B}.Debug|Win32.Build.0 = Debug|Win32
		{C43FFA7A-2C15-402F-9B86-993A8D91930B}.Release|Win32.ActiveCfg = Release|Win32
		{C43FFA7A-2C15-402F-9B86-993A8D91930B}.Release|Win32.Build.0 = Release|Win32
	EndGlobalSection
	GlobalSection(SolutionProperties) = preSolution
		HideSolutionNode = FALSE
	EndGlobalSection
EndGlobal
